
Microsoft Visual Studio Solution File, Format Version 12.00
# Visual Studio Version 16
VisualStudioVersion = 16.0.29209.62
MinimumVisualStudioVersion = 10.0.40219.1
Project("{FAE04EC0-301F-11D3-BF4B-00C04F79EFBC}") = "DotNetCore_DI_Console", "DotNetCore_DI_Console\DotNetCore_DI_Console.csproj", "{33052EAF-6FB8-4BFB-B548-2309F574E16C}"
EndProject
Project("{FAE04EC0-301F-11D3-BF4B-00C04F79EFBC}") = "DotNetCore_StructureMapDI_Console", "DotNetCore_StructureMapDI_Console\DotNetCore_StructureMapDI_Console.csproj", "{AB6A0818-F5AB-4F55-A8CC-20E3CEC23FAA}"
EndProject
Global
	GlobalSection(SolutionConfigurationPlatforms) = preSolution
		Debug|Any CPU = Debug|Any CPU
		Release|Any CPU = Release|Any CPU
	EndGlobalSection
	GlobalSection(ProjectConfigurationPlatforms) = postSolution
		{33052EAF-6FB8-4BFB-B548-2309F574E16C}.Debug|Any CPU.ActiveCfg = Debug|Any CPU
		{33052EAF-6FB8-4BFB-B548-2309F574E16C}.Debug|Any CPU.Build.0 = Debug|Any CPU
		{33052EAF-6FB8-4BFB-B548-2309F574E16C}.Release|Any CPU.ActiveCfg = Release|Any CPU
		{33052EAF-6FB8-4BFB-B548-2309F574E16C}.Release|Any CPU.Build.0 = Release|Any CPU
		{AB6A0818-F5AB-4F55-A8CC-20E3CEC23FAA}.Debug|Any CPU.ActiveCfg = Debug|Any CPU
		{AB6A0818-F5AB-4F55-A8CC-20E3CEC23FAA}.Debug|Any CPU.Build.0 = Debug|Any CPU
		{AB6A0818-F5AB-4F55-A8CC-20E3CEC23FAA}.Release|Any CPU.ActiveCfg = Release|Any CPU
		{AB6A0818-F5AB-4F55-A8CC-20E3CEC23FAA}.Release|Any CPU.Build.0 = Release|Any CPU
	EndGlobalSection
	GlobalSection(SolutionProperties) = preSolution
		HideSolutionNode = FALSE
	EndGlobalSection
	GlobalSection(ExtensibilityGlobals) = postSolution
		SolutionGuid = {46666229-A621-49C9-B9E5-A46431DB4EDF}
	EndGlobalSection
EndGlobal
